
Microsoft Visual Studio Solution File, Format Version 12.00
# Visual Studio Version 17
VisualStudioVersion = 17.6.33829.357
MinimumVisualStudioVersion = 10.0.40219.1
Project("{FAE04EC0-301F-11D3-BF4B-00C04F79EFBC}") = "ClassLibrary1", "ClassLibrary1\ClassLibrary1.csproj", "{7270A684-B3F7-4366-B349-24A71E785272}"
EndProject
Global
	GlobalSection(SolutionConfigurationPlatforms) = preSolution
		Debug|Any CPU = Debug|Any CPU
		Release|Any CPU = Release|Any CPU
	EndGlobalSection
	GlobalSection(ProjectConfigurationPlatforms) = postSolution
		{7270A684-B3F7-4366-B349-24A71E785272}.Debug|Any CPU.ActiveCfg = Debug|Any CPU
		{7270A684-B3F7-4366-B349-24A71E785272}.Debug|Any CPU.Build.0 = Debug|Any CPU
		{7270A684-B3F7-4366-B349-24A71E785272}.Release|Any CPU.ActiveCfg = Release|Any CPU
		{7270A684-B3F7-4366-B349-24A71E785272}.Release|Any CPU.Build.0 = Release|Any CPU
	EndGlobalSection
	GlobalSection(SolutionProperties) = preSolution
		HideSolutionNode = FALSE
	EndGlobalSection
	GlobalSection(ExtensibilityGlobals) = postSolution
		SolutionGuid = {D481CDF0-EFDB-460F-8E9C-E2938FA98087}
	EndGlobalSection
EndGlobal
